Microsoft Visual Studio Solution File, Format Version 12.00
# Visual Studio 2012
Project("{FAE04EC0-301F-11D3-BF4B-00C04F79EFBC}") = "GodotJam", "GodotJam.csproj", "{02AE26B8-5280-4307-9C24-117AF0145608}"
EndProject
Global
	GlobalSection(SolutionConfigurationPlatforms) = preSolution
	Debug|Any CPU = Debug|Any CPU
	ExportDebug|Any CPU = ExportDebug|Any CPU
	ExportRelease|Any CPU = ExportRelease|Any CPU
	EndGlobalSection
	GlobalSection(ProjectConfigurationPlatforms) = postSolution
		{02AE26B8-5280-4307-9C24-117AF0145608}.Debug|Any CPU.ActiveCfg = Debug|Any CPU
		{02AE26B8-5280-4307-9C24-117AF0145608}.Debug|Any CPU.Build.0 = Debug|Any CPU
		{02AE26B8-5280-4307-9C24-117AF0145608}.ExportDebug|Any CPU.ActiveCfg = ExportDebug|Any CPU
		{02AE26B8-5280-4307-9C24-117AF0145608}.ExportDebug|Any CPU.Build.0 = ExportDebug|Any CPU
		{02AE26B8-5280-4307-9C24-117AF0145608}.ExportRelease|Any CPU.ActiveCfg = ExportRelease|Any CPU
		{02AE26B8-5280-4307-9C24-117AF0145608}.ExportRelease|Any CPU.Build.0 = ExportRelease|Any CPU
	EndGlobalSection
EndGlobal
